
Microsoft Visual Studio Solution File, Format Version 12.00
# Visual Studio Version 17
VisualStudioVersion = 17.6.33927.249
MinimumVisualStudioVersion = 10.0.40219.1
Project("{FAE04EC0-301F-11D3-BF4B-00C04F79EFBC}") = "PortalGalaxy.ApiRest", "PortalGalaxy.ApiRest\PortalGalaxy.ApiRest.csproj", "{13B1BFB7-15C5-4D46-A2F4-C9F3EB453DE2}"
EndProject
Project("{FAE04EC0-301F-11D3-BF4B-00C04F79EFBC}") = "PortalGalaxy.Entities", "PortalGalaxy.Entities\PortalGalaxy.Entities.csproj", "{045A43B1-B5C6-4B5C-962E-62C6887F3311}"
EndProject
Project("{FAE04EC0-301F-11D3-BF4B-00C04F79EFBC}") = "PortalGalaxy.DataAccess", "PortalGalaxy.DataAccess\PortalGalaxy.DataAccess.csproj", "{8C5F9211-4AF7-4856-A9E3-47E5E4626CEA}"
EndProject
Project("{FAE04EC0-301F-11D3-BF4B-00C04F79EFBC}") = "PortalGalaxy.Repositories", "PortalGalaxy.Repositories\PortalGalaxy.Repositories.csproj", "{4924721C-C3E3-4258-958C-9CBA342001AD}"
EndProject
Project("{FAE04EC0-301F-11D3-BF4B-00C04F79EFBC}") = "PortalGalaxy.Models", "PortalGalaxy.Models\PortalGalaxy.Models.csproj", "{0E410B08-93F2-4DD8-9B0A-64AA406AE680}"
EndProject
Project("{FAE04EC0-301F-11D3-BF4B-00C04F79EFBC}") = "PortalGalaxy.ViewModels", "PortalGalaxy.ViewModels\PortalGalaxy.ViewModels.csproj", "{5ACB1A90-BCA7-4CEB-BBC1-20F0F7E4DF75}"
EndProject
Project("{FAE04EC0-301F-11D3-BF4B-00C04F79EFBC}") = "PortalGalaxy.Services", "PortalGalaxy.Services\PortalGalaxy.Services.csproj", "{BD38B667-E0C9-4A4E-B7C4-AFD290DAB330}"
EndProject
Project("{FAE04EC0-301F-11D3-BF4B-00C04F79EFBC}") = "PortalGalaxy.WebMvc", "PortalGalaxy.WebMvc\PortalGalaxy.WebMvc.csproj", "{21EE2F24-4989-4777-80A1-22D53AFBAAE6}"
EndProject
Project("{2150E333-8FDC-42A3-9474-1A3956D46DE8}") = "00. Frontend", "00. Frontend", "{8DB473EA-BAA7-40B6-805C-70B338D2876E}"
EndProject
Project("{2150E333-8FDC-42A3-9474-1A3956D46DE8}") = "01. Backend", "01. Backend", "{06D66E8C-E9B0-4F90-A8C2-E4BDCCB754AD}"
EndProject
Project("{2150E333-8FDC-42A3-9474-1A3956D46DE8}") = "00. Entidades", "00. Entidades", "{FDD25DBF-C1BE-478F-97E0-8A943B54B319}"
EndProject
Project("{2150E333-8FDC-42A3-9474-1A3956D46DE8}") = "01. Acceso a datos", "01. Acceso a datos", "{72E447CD-BC46-4805-93F8-03E31C703906}"
EndProject
Project("{2150E333-8FDC-42A3-9474-1A3956D46DE8}") = "02. Logica de Negocio", "02. Logica de Negocio", "{A641FD5F-0368-4E47-9954-97B786044598}"
EndProject
Project("{2150E333-8FDC-42A3-9474-1A3956D46DE8}") = "03. Pruebas Unitarias", "03. Pruebas Unitarias", "{FCEEAEA1-4B96-4350-B6B7-A0FDD1890311}"
EndProject
Project("{2150E333-8FDC-42A3-9474-1A3956D46DE8}") = "04. API REST", "04. API REST", "{44C37162-B5E8-4A27-91B6-36967E75FDB3}"
EndProject
Project("{FAE04EC0-301F-11D3-BF4B-00C04F79EFBC}") = "PortalGalaxy.UnitTests", "PortalGalaxy.UnitTests\PortalGalaxy.UnitTests.csproj", "{A393A674-C446-4C53-817E-E12E6A24B8F5}"
EndProject
Project("{FAE04EC0-301F-11D3-BF4B-00C04F79EFBC}") = "PortalGalaxy.Common", "PortalGalaxy.Common\PortalGalaxy.Common.csproj", "{B5504130-642E-4546-93F1-EAC6B17B321A}"
EndProject
Global
	GlobalSection(SolutionConfigurationPlatforms) = preSolution
		Debug|Any CPU = Debug|Any CPU
		Release|Any CPU = Release|Any CPU
	EndGlobalSection
	GlobalSection(ProjectConfigurationPlatforms) = postSolution
		{13B1BFB7-15C5-4D46-A2F4-C9F3EB453DE2}.Debug|Any CPU.ActiveCfg = Debug|Any CPU
		{13B1BFB7-15C5-4D46-A2F4-C9F3EB453DE2}.Debug|Any CPU.Build.0 = Debug|Any CPU
		{13B1BFB7-15C5-4D46-A2F4-C9F3EB453DE2}.Release|Any CPU.ActiveCfg = Release|Any CPU
		{13B1BFB7-15C5-4D46-A2F4-C9F3EB453DE2}.Release|Any CPU.Build.0 = Release|Any CPU
		{045A43B1-B5C6-4B5C-962E-62C6887F3311}.Debug|Any CPU.ActiveCfg = Debug|Any CPU
		{045A43B1-B5C6-4B5C-962E-62C6887F3311}.Debug|Any CPU.Build.0 = Debug|Any CPU
		{045A43B1-B5C6-4B5C-962E-62C6887F3311}.Release|Any CPU.ActiveCfg = Release|Any CPU
		{045A43B1-B5C6-4B5C-962E-62C6887F3311}.Release|Any CPU.Build.0 = Release|Any CPU
		{8C5F9211-4AF7-4856-A9E3-47E5E4626CEA}.Debug|Any CPU.ActiveCfg = Debug|Any CPU
		{8C5F9211-4AF7-4856-A9E3-47E5E4626CEA}.Debug|Any CPU.Build.0 = Debug|Any CPU
		{8C5F9211-4AF7-4856-A9E3-47E5E4626CEA}.Release|Any CPU.ActiveCfg = Release|Any CPU
		{8C5F9211-4AF7-4856-A9E3-47E5E4626CEA}.Release|Any CPU.Build.0 = Release|Any CPU
		{4924721C-C3E3-4258-958C-9CBA342001AD}.Debug|Any CPU.ActiveCfg = Debug|Any CPU
		{4924721C-C3E3-4258-958C-9CBA342001AD}.Debug|Any CPU.Build.0 = Debug|Any CPU
		{4924721C-C3E3-4258-958C-9CBA342001AD}.Release|Any CPU.ActiveCfg = Release|Any CPU
		{4924721C-C3E3-4258-958C-9CBA342001AD}.Release|Any CPU.Build.0 = Release|Any CPU
		{0E410B08-93F2-4DD8-9B0A-64AA406AE680}.Debug|Any CPU.ActiveCfg = Debug|Any CPU
		{0E410B08-93F2-4DD8-9B0A-64AA406AE680}.Debug|Any CPU.Build.0 = Debug|Any CPU
		{0E410B08-93F2-4DD8-9B0A-64AA406AE680}.Release|Any CPU.ActiveCfg = Release|Any CPU
		{0E410B08-93F2-4DD8-9B0A-64AA406AE680}.Release|Any CPU.Build.0 = Release|Any CPU
		{5ACB1A90-BCA7-4CEB-BBC1-20F0F7E4DF75}.Debug|Any CPU.ActiveCfg = Debug|Any CPU
		{5ACB1A90-BCA7-4CEB-BBC1-20F0F7E4DF75}.Debug|Any CPU.Build.0 = Debug|Any CPU
		{5ACB1A90-BCA7-4CEB-BBC1-20F0F7E4DF75}.Release|Any CPU.ActiveCfg = Release|Any CPU
		{5ACB1A90-BCA7-4CEB-BBC1-20F0F7E4DF75}.Release|Any CPU.Build.0 = Release|Any CPU
		{BD38B667-E0C9-4A4E-B7C4-AFD290DAB330}.Debug|Any CPU.ActiveCfg = Debug|Any CPU
		{BD38B667-E0C9-4A4E-B7C4-AFD290DAB330}.Debug|Any CPU.Build.0 = Debug|Any CPU
		{BD38B667-E0C9-4A4E-B7C4-AFD290DAB330}.Release|Any CPU.ActiveCfg = Release|Any CPU
		{BD38B667-E0C9-4A4E-B7C4-AFD290DAB330}.Release|Any CPU.Build.0 = Release|Any CPU
		{21EE2F24-4989-4777-80A1-22D53AFBAAE6}.Debug|Any CPU.ActiveCfg = Debug|Any CPU
		{21EE2F24-4989-4777-80A1-22D53AFBAAE6}.Debug|Any CPU.Build.0 = Debug|Any CPU
		{21EE2F24-4989-4777-80A1-22D53AFBAAE6}.Release|Any CPU.ActiveCfg = Release|Any CPU
		{21EE2F24-4989-4777-80A1-22D53AFBAAE6}.Release|Any CPU.Build.0 = Release|Any CPU
		{A393A674-C446-4C53-817E-E12E6A24B8F5}.Debug|Any CPU.ActiveCfg = Debug|Any CPU
		{A393A674-C446-4C53-817E-E12E6A24B8F5}.Debug|Any CPU.Build.0 = Debug|Any CPU
		{A393A674-C446-4C53-817E-E12E6A24B8F5}.Release|Any CPU.ActiveCfg = Release|Any CPU
		{A393A674-C446-4C53-817E-E12E6A24B8F5}.Release|Any CPU.Build.0 = Release|Any CPU
		{B5504130-642E-4546-93F1-EAC6B17B321A}.Debug|Any CPU.ActiveCfg = Debug|Any CPU
		{B5504130-642E-4546-93F1-EAC6B17B321A}.Debug|Any CPU.Build.0 = Debug|Any CPU
		{B5504130-642E-4546-93F1-EAC6B17B321A}.Release|Any CPU.ActiveCfg = Release|Any CPU
		{B5504130-642E-4546-93F1-EAC6B17B321A}.Release|Any CPU.Build.0 = Release|Any CPU
	EndGlobalSection
	GlobalSection(SolutionProperties) = preSolution
		HideSolutionNode = FALSE
	EndGlobalSection
	GlobalSection(NestedProjects) = preSolution
		{13B1BFB7-15C5-4D46-A2F4-C9F3EB453DE2} = {44C37162-B5E8-4A27-91B6-36967E75FDB3}
		{045A43B1-B5C6-4B5C-962E-62C6887F3311} = {FDD25DBF-C1BE-478F-97E0-8A943B54B319}
		{8C5F9211-4AF7-4856-A9E3-47E5E4626CEA} = {72E447CD-BC46-4805-93F8-03E31C703906}
		{4924721C-C3E3-4258-958C-9CBA342001AD} = {72E447CD-BC46-4805-93F8-03E31C703906}
		{0E410B08-93F2-4DD8-9B0A-64AA406AE680} = {8DB473EA-BAA7-40B6-805C-70B338D2876E}
		{5ACB1A90-BCA7-4CEB-BBC1-20F0F7E4DF75} = {8DB473EA-BAA7-40B6-805C-70B338D2876E}
		{BD38B667-E0C9-4A4E-B7C4-AFD290DAB330} = {A641FD5F-0368-4E47-9954-97B786044598}
		{21EE2F24-4989-4777-80A1-22D53AFBAAE6} = {8DB473EA-BAA7-40B6-805C-70B338D2876E}
		{FDD25DBF-C1BE-478F-97E0-8A943B54B319} = {06D66E8C-E9B0-4F90-A8C2-E4BDCCB754AD}
		{72E447CD-BC46-4805-93F8-03E31C703906} = {06D66E8C-E9B0-4F90-A8C2-E4BDCCB754AD}
		{A641FD5F-0368-4E47-9954-97B786044598} = {06D66E8C-E9B0-4F90-A8C2-E4BDCCB754AD}
		{FCEEAEA1-4B96-4350-B6B7-A0FDD1890311} = {06D66E8C-E9B0-4F90-A8C2-E4BDCCB754AD}
		{44C37162-B5E8-4A27-91B6-36967E75FDB3} = {06D66E8C-E9B0-4F90-A8C2-E4BDCCB754AD}
		{A393A674-C446-4C53-817E-E12E6A24B8F5} = {FCEEAEA1-4B96-4350-B6B7-A0FDD1890311}
		{B5504130-642E-4546-93F1-EAC6B17B321A} = {FDD25DBF-C1BE-478F-97E0-8A943B54B319}
	EndGlobalSection
	GlobalSection(ExtensibilityGlobals) = postSolution
		SolutionGuid = {39FBAA48-4AB7-4C4E-AA59-8514F57CE250}
	EndGlobalSection
EndGlobal
